PackratFormat: 1.4
PackratVersion: 0.4.9.2
RVersion: 3.5.0
Repos: CRAN=https://cran.rstudio.com/

Package: BH
Source: CRAN
Version: 1.66.0-1

Package: DBI
Source: CRAN
Version: 1.0.0

Package: MASS
Source: CRAN
Version: 7.3-50
Hash: e8001243da35880bd81391d80eb4eeae

Package: R6
Source: CRAN
Version: 2.2.2

Package: RColorBrewer
Source: CRAN
Version: 1.1-2

Package: Rcpp
Source: CRAN
Version: 0.12.16
Hash: 8cc9dc88c11acdcf8a6dec4a0f1500bc

Package: assertthat
Source: CRAN
Version: 0.2.0

Package: backports
Source: CRAN
Version: 1.1.2
Hash: 5ae7b3466e529e4400951ca18c137e40

Package: base64enc
Source: CRAN
Version: 0.1-3
Hash: c590d29e555926af053055e23ee79efb

Package: bindr
Source: CRAN
Version: 0.1.1

Package: bindrcpp
Source: CRAN
Version: 0.2.2
Requires: Rcpp, bindr, plogr

Package: broom
Source: CRAN
Version: 0.4.4
Requires: nlme, stringr, dplyr, plyr, psych, reshape2, tidyr

Package: callr
Source: CRAN
Version: 2.0.3
Requires: R6, assertthat, crayon, debugme, testthat

Package: cellranger
Source: CRAN
Version: 1.1.0
Requires: rematch, tibble

Package: cli
Source: CRAN
Version: 1.0.0
Requires: assertthat, crayon

Package: colorspace
Source: CRAN
Version: 1.3-2

Package: crayon
Source: CRAN
Version: 1.3.4

Package: curl
Source: CRAN
Version: 3.2

Package: dbplyr
Source: CRAN
Version: 1.2.1
Requires: glue, DBI, R6, assertthat, dplyr, purrr, rlang, tibble,
    tidyselect

Package: debugme
Source: CRAN
Version: 1.1.0
Requires: crayon

Package: dichromat
Source: CRAN
Version: 2.0-0

Package: digest
Source: CRAN
Version: 0.6.15
Hash: 1f202ebd812ac7192be3739245746a13

Package: dplyr
Source: CRAN
Version: 0.7.4
Requires: Rcpp, glue, magrittr, BH, R6, assertthat, bindrcpp,
    pkgconfig, plogr, rlang, tibble

Package: evaluate
Source: CRAN
Version: 0.10.1
Requires: stringr
Hash: 54d95f4ec6d0300100413ed0127d89ae

Package: forcats
Source: CRAN
Version: 0.3.0
Requires: magrittr, rlang, tibble

Package: foreign
Source: CRAN
Version: 0.8-70
Hash: efc6c29bf303d087f6cd9391cbcc2906

Package: ggplot2
Source: CRAN
Version: 2.2.1
Requires: MASS, digest, gtable, lazyeval, plyr, reshape2, scales,
    tibble

Package: glue
Source: CRAN
Version: 1.2.0
Hash: 381e42baedecc633c0e547a0c7ca9de7

Package: gtable
Source: CRAN
Version: 0.2.0

Package: haven
Source: CRAN
Version: 1.1.1
Requires: Rcpp, forcats, hms, readr, tibble

Package: here
Source: CRAN
Version: 0.1
Requires: rprojroot

Package: highr
Source: CRAN
Version: 0.6
Hash: aa3d5b7912b5fed4b546ed5cd2a1760b

Package: hms
Source: CRAN
Version: 0.4.2
Requires: pkgconfig, rlang

Package: htmltools
Source: CRAN
Version: 0.3.6
Requires: Rcpp, digest
Hash: 358f767a496785afb8426c3abc8b6471

Package: httr
Source: CRAN
Version: 1.3.1
Requires: jsonlite, mime, R6, curl, openssl

Package: jsonlite
Source: CRAN
Version: 1.5
Hash: 9c51936d8dd00b2f1d4fe9d10499694c

Package: knitr
Source: CRAN
Version: 1.20
Requires: evaluate, highr, markdown, stringr, yaml
Hash: 9c6b215d1d02b97586c8232e94533e6a

Package: labeling
Source: CRAN
Version: 0.3

Package: lattice
Source: CRAN
Version: 0.20-35
Hash: 26b9d7f0d0cb4e1d1bbb97f867c82d89

Package: lazyeval
Source: CRAN
Version: 0.2.1

Package: lubridate
Source: CRAN
Version: 1.7.4
Requires: Rcpp, stringr

Package: magrittr
Source: CRAN
Version: 1.5
Hash: bdc4d48c3135e8f3b399536ddf160df4

Package: markdown
Source: CRAN
Version: 0.8
Requires: mime
Hash: 045d7c594d503b41f1c28946d076c8aa

Package: mime
Source: CRAN
Version: 0.5
Hash: 463550cf44fb6f0a2359368f42eebe62

Package: mnormt
Source: CRAN
Version: 1.5-5

Package: modelr
Source: CRAN
Version: 0.1.1
Requires: magrittr, broom, dplyr, lazyeval, purrr, tibble, tidyr

Package: munsell
Source: CRAN
Version: 0.4.3
Requires: colorspace

Package: nlme
Source: CRAN
Version: 3.1-137
Requires: lattice
Hash: 6166071071587a867cbe534e84fc5c0c

Package: openssl
Source: CRAN
Version: 1.0.1

Package: packrat
Source: CRAN
Version: 0.4.9-2
Hash: 47dbd4e04dcd01da02a2021203205cb1

Package: pillar
Source: CRAN
Version: 1.2.2
Requires: cli, crayon, rlang, utf8

Package: pkgconfig
Source: CRAN
Version: 2.0.1

Package: plogr
Source: CRAN
Version: 0.2.0

Package: plyr
Source: CRAN
Version: 1.8.4
Requires: Rcpp

Package: praise
Source: CRAN
Version: 1.0.0

Package: psych
Source: CRAN
Version: 1.8.3.3
Requires: foreign, lattice, nlme, mnormt

Package: purrr
Source: CRAN
Version: 0.2.4
Requires: magrittr, rlang, tibble

Package: readr
Source: CRAN
Version: 1.1.1
Requires: Rcpp, BH, R6, hms, tibble

Package: readxl
Source: CRAN
Version: 1.1.0
Requires: Rcpp, cellranger, tibble

Package: rematch
Source: CRAN
Version: 1.0.1

Package: reprex
Source: CRAN
Version: 0.1.2
Requires: knitr, rmarkdown, callr, whisker

Package: reshape2
Source: CRAN
Version: 1.4.3
Requires: Rcpp, stringr, plyr

Package: rlang
Source: CRAN
Version: 0.2.0

Package: rmarkdown
Source: CRAN
Version: 1.9
Requires: base64enc, evaluate, htmltools, jsonlite, knitr, mime,
    rprojroot, stringr, yaml
Hash: ab7f84e6f41ed8d8e8b9a2031cf631f8

Package: rprojroot
Source: CRAN
Version: 1.3-2
Requires: backports
Hash: a25c3f70c166fb3fbabc410eb32b6366

Package: rstudioapi
Source: CRAN
Version: 0.7

Package: rvest
Source: CRAN
Version: 0.3.2
Requires: magrittr, httr, selectr, xml2

Package: scales
Source: CRAN
Version: 0.5.0
Requires: Rcpp, R6, RColorBrewer, dichromat, labeling, munsell, plyr,
    viridisLite

Package: selectr
Source: CRAN
Version: 0.4-1
Requires: stringr, R6

Package: stringi
Source: CRAN
Version: 1.2.2
Hash: 09671b4a90b75927272d2b2ba6c0d6ed

Package: stringr
Source: CRAN
Version: 1.3.0
Requires: glue, magrittr, stringi
Hash: b2801fdc391caef2335dbdb1064836bb

Package: testthat
Source: CRAN
Version: 2.0.0
Requires: digest, magrittr, R6, cli, crayon, praise, rlang, withr

Package: tibble
Source: CRAN
Version: 1.4.2
Requires: cli, crayon, pillar, rlang

Package: tidyr
Source: CRAN
Version: 0.8.0
Requires: Rcpp, glue, magrittr, stringi, dplyr, purrr, rlang, tibble,
    tidyselect

Package: tidyselect
Source: CRAN
Version: 0.2.4
Requires: Rcpp, glue, purrr, rlang

Package: tidyverse
Source: CRAN
Version: 1.2.1
Requires: jsonlite, magrittr, stringr, broom, cli, crayon, dbplyr,
    dplyr, forcats, ggplot2, haven, hms, httr, lubridate, modelr,
    purrr, readr, readxl, reprex, rlang, rstudioapi, rvest, tibble,
    tidyr, xml2

Package: utf8
Source: CRAN
Version: 1.1.3

Package: viridisLite
Source: CRAN
Version: 0.3.0

Package: whisker
Source: CRAN
Version: 0.3-2

Package: withr
Source: CRAN
Version: 2.1.2

Package: xml2
Source: CRAN
Version: 1.2.0
Requires: Rcpp

Package: yaml
Source: CRAN
Version: 2.1.19
Hash: 6e3d988c25e34c31f668e0ae41dc3259
